{
  "name": "e23cseu1057",
  "version": "1.0.0",
  "lockfileVersion": 3,
  "requires": true,
  "packages": {
    "": {
      "name": "e23cseu1057",
      "version": "1.0.0"
    },
    "logging_middleware": {
      "version": "1.0.0",
      "extraneous": true
    },
    "notification_app_be": {
      "version": "1.0.0",
      "extraneous": true,
      "dependencies": {
        "dotenv": "^17.4.2",
        "express": "^5.1.0",
        "logging_middleware": "file:../logging_middleware"
      }
    },
    "vehicle_maintence_scheduler": {
      "version": "1.0.0",
      "extraneous": true,
      "dependencies": {
        "dotenv": "^17.4.2",
        "express": "^5.1.0",
        "logging_middleware": "file:../logging_middleware"
      }
    }
  }
}
